
Microsoft Visual Studio Solution File, Format Version 12.00
# Visual Studio Version 17
VisualStudioVersion = 17.8.34525.116
MinimumVisualStudioVersion = 10.0.40219.1
Project("{FAE04EC0-301F-11D3-BF4B-00C04F79EFBC}") = "Ejercicio_16_BucleFor", "Ejercicio_16_BucleFor.csproj", "{29DA5019-2B46-4005-B603-B08B6ECAF40D}"
EndProject
Global
	GlobalSection(SolutionConfigurationPlatforms) = preSolution
		Debug|Any CPU = Debug|Any CPU
		Release|Any CPU = Release|Any CPU
	EndGlobalSection
	GlobalSection(ProjectConfigurationPlatforms) = postSolution
		{29DA5019-2B46-4005-B603-B08B6ECAF40D}.Debug|Any CPU.ActiveCfg = Debug|Any CPU
		{29DA5019-2B46-4005-B603-B08B6ECAF40D}.Debug|Any CPU.Build.0 = Debug|Any CPU
		{29DA5019-2B46-4005-B603-B08B6ECAF40D}.Release|Any CPU.ActiveCfg = Release|Any CPU
		{29DA5019-2B46-4005-B603-B08B6ECAF40D}.Release|Any CPU.Build.0 = Release|Any CPU
	EndGlobalSection
	GlobalSection(SolutionProperties) = preSolution
		HideSolutionNode = FALSE
	EndGlobalSection
	GlobalSection(ExtensibilityGlobals) = postSolution
		SolutionGuid = {D13A203C-D970-4707-9875-5EB89F83E914}
	EndGlobalSection
EndGlobal
