
Microsoft Visual Studio Solution File, Format Version 12.00
# Visual Studio Version 17
VisualStudioVersion = 17.8.34525.116
MinimumVisualStudioVersion = 10.0.40219.1
Project("{FAE04EC0-301F-11D3-BF4B-00C04F79EFBC}") = "EjercicioAdicional", "EjercicioAdicional.csproj", "{4FA5D9E0-9BEE-4AB4-BC17-C51F60D69705}"
EndProject
Project("{FAE04EC0-301F-11D3-BF4B-00C04F79EFBC}") = "Adicional1", "..\Adicional1\Adicional1.csproj", "{1FB29533-B82C-4213-A399-FA274874F2CE}"
EndProject
Global
	GlobalSection(SolutionConfigurationPlatforms) = preSolution
		Debug|Any CPU = Debug|Any CPU
		Release|Any CPU = Release|Any CPU
	EndGlobalSection
	GlobalSection(ProjectConfigurationPlatforms) = postSolution
		{4FA5D9E0-9BEE-4AB4-BC17-C51F60D69705}.Debug|Any CPU.ActiveCfg = Debug|Any CPU
		{4FA5D9E0-9BEE-4AB4-BC17-C51F60D69705}.Debug|Any CPU.Build.0 = Debug|Any CPU
		{4FA5D9E0-9BEE-4AB4-BC17-C51F60D69705}.Release|Any CPU.ActiveCfg = Release|Any CPU
		{4FA5D9E0-9BEE-4AB4-BC17-C51F60D69705}.Release|Any CPU.Build.0 = Release|Any CPU
		{1FB29533-B82C-4213-A399-FA274874F2CE}.Debug|Any CPU.ActiveCfg = Debug|Any CPU
		{1FB29533-B82C-4213-A399-FA274874F2CE}.Debug|Any CPU.Build.0 = Debug|Any CPU
		{1FB29533-B82C-4213-A399-FA274874F2CE}.Release|Any CPU.ActiveCfg = Release|Any CPU
		{1FB29533-B82C-4213-A399-FA274874F2CE}.Release|Any CPU.Build.0 = Release|Any CPU
	EndGlobalSection
	GlobalSection(SolutionProperties) = preSolution
		HideSolutionNode = FALSE
	EndGlobalSection
	GlobalSection(ExtensibilityGlobals) = postSolution
		SolutionGuid = {1E2B9152-34B4-47CA-8956-9020FB8D7BEE}
	EndGlobalSection
EndGlobal
